
Microsoft Visual Studio Solution File, Format Version 12.00
# Visual Studio 15
VisualStudioVersion = 15.0.27703.2026
MinimumVisualStudioVersion = 10.0.40219.1
Project("{9A19103F-16F7-4668-BE54-9A1E7A4F7556}") = "ASPNETCore_SignalR_AzureService", "src\ASPNETCore_SignalR_AzureService\ASPNETCore_SignalR_AzureService.csproj", "{D41DAD38-5D40-410D-B6D9-169C4C5568D5}"
EndProject
Global
	GlobalSection(SolutionConfigurationPlatforms) = preSolution
		Debug|Any CPU = Debug|Any CPU
		Release|Any CPU = Release|Any CPU
	EndGlobalSection
	GlobalSection(ProjectConfigurationPlatforms) = postSolution
		{D41DAD38-5D40-410D-B6D9-169C4C5568D5}.Debug|Any CPU.ActiveCfg = Debug|Any CPU
		{D41DAD38-5D40-410D-B6D9-169C4C5568D5}.Debug|Any CPU.Build.0 = Debug|Any CPU
		{D41DAD38-5D40-410D-B6D9-169C4C5568D5}.Release|Any CPU.ActiveCfg = Release|Any CPU
		{D41DAD38-5D40-410D-B6D9-169C4C5568D5}.Release|Any CPU.Build.0 = Release|Any CPU
	EndGlobalSection
	GlobalSection(SolutionProperties) = preSolution
		HideSolutionNode = FALSE
	EndGlobalSection
	GlobalSection(ExtensibilityGlobals) = postSolution
		SolutionGuid = {DFE4F1FE-908F-43E7-AF6F-B5F526847675}
	EndGlobalSection
EndGlobal
